{
  "name": "repro",
  "version": "1.0.0",
  "lockfileVersion": 2,
  "requires": true,
  "packages": {
    "": {
      "name": "repro",
      "version": "1.0.0",
      "license": "ISC",
      "workspaces": [
        "apps/*",
        "packages/*"
      ]
    },
    "apps/app-1": {
      "version": "1.0.0",
      "license": "ISC",
      "dependencies": {
        "package-1": "file:packages/package-1"
      }
    },
    "apps/app-1/node_modules/package-1": {
      "resolved": "apps/app-1/packages/package-1",
      "link": true
    },
    "apps/app-1/packages/package-1": {},
    "node_modules/app-1": {
      "resolved": "apps/app-1",
      "link": true
    },
    "node_modules/package-1": {
      "resolved": "packages/package-1",
      "link": true
    },
    "packages/package-1": {
      "version": "1.0.0",
      "license": "ISC"
    }
  },
  "dependencies": {
    "app-1": {
      "version": "file:apps/app-1",
      "requires": {
        "package-1": "file:packages/package-1"
      },
      "dependencies": {
        "package-1": {
          "version": "file:apps/app-1/packages/package-1"
        }
      }
    },
    "package-1": {
      "version": "file:packages/package-1"
    }
  }
}
